
Microsoft Visual Studio Solution File, Format Version 12.00
# Visual Studio 2013
Project("{FAE04EC0-301F-11D3-BF4B-00C04F79EFBC}") = "Client_170227.CSharp", "Client_170227.CSharp.csproj", "{A50998CA-3C01-3542-273E-B09591C56C3D}"
EndProject
Project("{FAE04EC0-301F-11D3-BF4B-00C04F79EFBC}") = "Client_170227.CSharp.Editor", "Client_170227.CSharp.Editor.csproj", "{D4F32CD3-D261-04C3-92DE-9CD195FD5566}"
EndProject
Global
	GlobalSection(SolutionConfigurationPlatforms) = preSolution
		Debug|Any CPU = Debug|Any CPU
		Release|Any CPU = Release|Any CPU
	EndGlobalSection
	GlobalSection(ProjectConfigurationPlatforms) = postSolution
		{A50998CA-3C01-3542-273E-B09591C56C3D}.Debug|Any CPU.ActiveCfg = Debug|Any CPU
		{A50998CA-3C01-3542-273E-B09591C56C3D}.Debug|Any CPU.Build.0 = Debug|Any CPU
		{A50998CA-3C01-3542-273E-B09591C56C3D}.Release|Any CPU.ActiveCfg = Release|Any CPU
		{A50998CA-3C01-3542-273E-B09591C56C3D}.Release|Any CPU.Build.0 = Release|Any CPU
		{D4F32CD3-D261-04C3-92DE-9CD195FD5566}.Debug|Any CPU.ActiveCfg = Debug|Any CPU
		{D4F32CD3-D261-04C3-92DE-9CD195FD5566}.Debug|Any CPU.Build.0 = Debug|Any CPU
		{D4F32CD3-D261-04C3-92DE-9CD195FD5566}.Release|Any CPU.ActiveCfg = Release|Any CPU
		{D4F32CD3-D261-04C3-92DE-9CD195FD5566}.Release|Any CPU.Build.0 = Release|Any CPU
	EndGlobalSection
	GlobalSection(SolutionProperties) = preSolution
		HideSolutionNode = FALSE
	EndGlobalSection
EndGlobal
